
Microsoft Visual Studio Solution File, Format Version 12.00
# Visual Studio Version 17
VisualStudioVersion = 17.4.33403.182
MinimumVisualStudioVersion = 10.0.40219.1
Project("{9A19103F-16F7-4668-BE54-9A1E7A4F7556}") = "TechSysDigitalApi", "TechSysDigitalApi\TechSysDigitalApi.csproj", "{425DE0DA-5CF3-4578-BFFD-3284ACD002D5}"
EndProject
Project("{FAE04EC0-301F-11D3-BF4B-00C04F79EFBC}") = "DataInterface", "DataInterface\DataInterface.csproj", "{5AA124E8-5573-40EB-92E9-819DD1F52665}"
EndProject
Global
	GlobalSection(SolutionConfigurationPlatforms) = preSolution
		Debug|Any CPU = Debug|Any CPU
		Release|Any CPU = Release|Any CPU
	EndGlobalSection
	GlobalSection(ProjectConfigurationPlatforms) = postSolution
		{425DE0DA-5CF3-4578-BFFD-3284ACD002D5}.Debug|Any CPU.ActiveCfg = Debug|Any CPU
		{425DE0DA-5CF3-4578-BFFD-3284ACD002D5}.Debug|Any CPU.Build.0 = Debug|Any CPU
		{425DE0DA-5CF3-4578-BFFD-3284ACD002D5}.Release|Any CPU.ActiveCfg = Release|Any CPU
		{425DE0DA-5CF3-4578-BFFD-3284ACD002D5}.Release|Any CPU.Build.0 = Release|Any CPU
		{5AA124E8-5573-40EB-92E9-819DD1F52665}.Debug|Any CPU.ActiveCfg = Debug|Any CPU
		{5AA124E8-5573-40EB-92E9-819DD1F52665}.Debug|Any CPU.Build.0 = Debug|Any CPU
		{5AA124E8-5573-40EB-92E9-819DD1F52665}.Release|Any CPU.ActiveCfg = Release|Any CPU
		{5AA124E8-5573-40EB-92E9-819DD1F52665}.Release|Any CPU.Build.0 = Release|Any CPU
	EndGlobalSection
	GlobalSection(SolutionProperties) = preSolution
		HideSolutionNode = FALSE
	EndGlobalSection
	GlobalSection(ExtensibilityGlobals) = postSolution
		SolutionGuid = {C36EF4DA-BB4F-45A0-99FA-1107EC270FAF}
	EndGlobalSection
EndGlobal
